
Microsoft Visual Studio Solution File, Format Version 12.00
Project("{FAE04EC0-301F-11D3-BF4B-00C04F79EFBC}") = "Console", "Console\Console.csproj", "{EDEC24C5-9D12-4AF6-99FC-476889A29A13}"
EndProject
Project("{FAE04EC0-301F-11D3-BF4B-00C04F79EFBC}") = "Application", "Application\Application.csproj", "{A5E5095C-F983-4BC7-98B2-2CCBA3545939}"
EndProject
Project("{FAE04EC0-301F-11D3-BF4B-00C04F79EFBC}") = "Infrastructure", "Infrastructure\Infrastructure.csproj", "{BD81E680-D07A-4647-9211-447E9D991CCA}"
EndProject
Project("{FAE04EC0-301F-11D3-BF4B-00C04F79EFBC}") = "Domain", "Domain\Domain.csproj", "{D16E363B-F581-4F6E-A95C-93451D652576}"
EndProject
Project("{FAE04EC0-301F-11D3-BF4B-00C04F79EFBC}") = "Application.Tests", "Application.Tests\Application.Tests.csproj", "{4573AEE9-0B76-49CE-831E-1EE3C317EEDA}"
EndProject
Project("{FAE04EC0-301F-11D3-BF4B-00C04F79EFBC}") = "Console.Tests", "Console.Tests\Console.Tests.csproj", "{B58B63EE-3EC5-4EE1-93ED-05140AB9422D}"
EndProject
Project("{FAE04EC0-301F-11D3-BF4B-00C04F79EFBC}") = "Infrastructure.Tests", "Infrastructure.Tests\Infrastructure.Tests.csproj", "{C2F07DF1-50A4-4F93-AA6F-5A62551CE392}"
EndProject
Global
	GlobalSection(SolutionConfigurationPlatforms) = preSolution
		Debug|Any CPU = Debug|Any CPU
		Release|Any CPU = Release|Any CPU
	EndGlobalSection
	GlobalSection(ProjectConfigurationPlatforms) = postSolution
		{EDEC24C5-9D12-4AF6-99FC-476889A29A13}.Debug|Any CPU.ActiveCfg = Debug|Any CPU
		{EDEC24C5-9D12-4AF6-99FC-476889A29A13}.Debug|Any CPU.Build.0 = Debug|Any CPU
		{EDEC24C5-9D12-4AF6-99FC-476889A29A13}.Release|Any CPU.ActiveCfg = Release|Any CPU
		{EDEC24C5-9D12-4AF6-99FC-476889A29A13}.Release|Any CPU.Build.0 = Release|Any CPU
		{A5E5095C-F983-4BC7-98B2-2CCBA3545939}.Debug|Any CPU.ActiveCfg = Debug|Any CPU
		{A5E5095C-F983-4BC7-98B2-2CCBA3545939}.Debug|Any CPU.Build.0 = Debug|Any CPU
		{A5E5095C-F983-4BC7-98B2-2CCBA3545939}.Release|Any CPU.ActiveCfg = Release|Any CPU
		{A5E5095C-F983-4BC7-98B2-2CCBA3545939}.Release|Any CPU.Build.0 = Release|Any CPU
		{BD81E680-D07A-4647-9211-447E9D991CCA}.Debug|Any CPU.ActiveCfg = Debug|Any CPU
		{BD81E680-D07A-4647-9211-447E9D991CCA}.Debug|Any CPU.Build.0 = Debug|Any CPU
		{BD81E680-D07A-4647-9211-447E9D991CCA}.Release|Any CPU.ActiveCfg = Release|Any CPU
		{BD81E680-D07A-4647-9211-447E9D991CCA}.Release|Any CPU.Build.0 = Release|Any CPU
		{D16E363B-F581-4F6E-A95C-93451D652576}.Debug|Any CPU.ActiveCfg = Debug|Any CPU
		{D16E363B-F581-4F6E-A95C-93451D652576}.Debug|Any CPU.Build.0 = Debug|Any CPU
		{D16E363B-F581-4F6E-A95C-93451D652576}.Release|Any CPU.ActiveCfg = Release|Any CPU
		{D16E363B-F581-4F6E-A95C-93451D652576}.Release|Any CPU.Build.0 = Release|Any CPU
		{4573AEE9-0B76-49CE-831E-1EE3C317EEDA}.Debug|Any CPU.ActiveCfg = Debug|Any CPU
		{4573AEE9-0B76-49CE-831E-1EE3C317EEDA}.Debug|Any CPU.Build.0 = Debug|Any CPU
		{4573AEE9-0B76-49CE-831E-1EE3C317EEDA}.Release|Any CPU.ActiveCfg = Release|Any CPU
		{4573AEE9-0B76-49CE-831E-1EE3C317EEDA}.Release|Any CPU.Build.0 = Release|Any CPU
		{B58B63EE-3EC5-4EE1-93ED-05140AB9422D}.Debug|Any CPU.ActiveCfg = Debug|Any CPU
		{B58B63EE-3EC5-4EE1-93ED-05140AB9422D}.Debug|Any CPU.Build.0 = Debug|Any CPU
		{B58B63EE-3EC5-4EE1-93ED-05140AB9422D}.Release|Any CPU.ActiveCfg = Release|Any CPU
		{B58B63EE-3EC5-4EE1-93ED-05140AB9422D}.Release|Any CPU.Build.0 = Release|Any CPU
		{C2F07DF1-50A4-4F93-AA6F-5A62551CE392}.Debug|Any CPU.ActiveCfg = Debug|Any CPU
		{C2F07DF1-50A4-4F93-AA6F-5A62551CE392}.Debug|Any CPU.Build.0 = Debug|Any CPU
		{C2F07DF1-50A4-4F93-AA6F-5A62551CE392}.Release|Any CPU.ActiveCfg = Release|Any CPU
		{C2F07DF1-50A4-4F93-AA6F-5A62551CE392}.Release|Any CPU.Build.0 = Release|Any CPU
	EndGlobalSection
EndGlobal
